// !$*UTF8*$!
{
	archiveVersion = 1;
	classes = {
	};
	objectVersion = 55;
	objects = {

/* Begin PBXBuildFile section */
		67164B275BFBE4962D74C621 /* Pods_MarvelTests.framework in Frameworks */ = {isa = PBXBuildFile; fileRef = 21B4F7D2A46C5AEBA281B33E /* Pods_MarvelTests.framework */; };
		B0C4E4F54C7C2A5D2E187727 /* Pods_Marvel.framework in Frameworks */ = {isa = PBXBuildFile; fileRef = 93D64337ED31B44E6AC0CB10 /* Pods_Marvel.framework */; };
		BB04B35D2815027A00F71B50 /* APIServiceMock.swift in Sources */ = {isa = PBXBuildFile; fileRef = BB04B35C2815027A00F71B50 /* APIServiceMock.swift */; };
		BB04B35F2815040A00F71B50 /* CharactersResponse.json in Resources */ = {isa = PBXBuildFile; fileRef = BB04B35E2815040A00F71B50 /* CharactersResponse.json */; };
		BB04B361281506E700F71B50 /* HomeViewModelTests.swift in Sources */ = {isa = PBXBuildFile; fileRef = BB04B360281506E700F71B50 /* HomeViewModelTests.swift */; };
		BB04B36328150C6D00F71B50 /* Character.json in Resources */ = {isa = PBXBuildFile; fileRef = BB04B36228150C6D00F71B50 /* Character.json */; };
		BB04B36528150CAB00F71B50 /* DetailViewModelTests.swift in Sources */ = {isa = PBXBuildFile; fileRef = BB04B36428150CAB00F71B50 /* DetailViewModelTests.swift */; };
		BB1E7BFE280D58CE00BFA061 /* AppDelegate.swift in Sources */ = {isa = PBXBuildFile; fileRef = BB1E7BFD280D58CE00BFA061 /* AppDelegate.swift */; };
		BB1E7C00280D58CE00BFA061 /* SceneDelegate.swift in Sources */ = {isa = PBXBuildFile; fileRef = BB1E7BFF280D58CE00BFA061 /* SceneDelegate.swift */; };
		BB1E7C07280D58CF00BFA061 /* Assets.xcassets in Resources */ = {isa = PBXBuildFile; fileRef = BB1E7C06280D58CF00BFA061 /* Assets.xcassets */; };
		BB1E7C15280D58D000BFA061 /* MarvelTests.swift in Sources */ = {isa = PBXBuildFile; fileRef = BB1E7C14280D58D000BFA061 /* MarvelTests.swift */; };
		BB9178F1281198B300715122 /* Detail.storyboard in Resources */ = {isa = PBXBuildFile; fileRef = BB9178F0281198B300715122 /* Detail.storyboard */; };
		BB9178F3281198BF00715122 /* DetailViewController.swift in Sources */ = {isa = PBXBuildFile; fileRef = BB9178F2281198BF00715122 /* DetailViewController.swift */; };
		BB9178F5281198C800715122 /* DetailViewModel.swift in Sources */ = {isa = PBXBuildFile; fileRef = BB9178F4281198C800715122 /* DetailViewModel.swift */; };
		BB9178F828119D0800715122 /* DetailCell.xib in Resources */ = {isa = PBXBuildFile; fileRef = BB9178F728119D0800715122 /* DetailCell.xib */; };
		BB9178FA28119D2100715122 /* DetailCell.swift in Sources */ = {isa = PBXBuildFile; fileRef = BB9178F928119D2100715122 /* DetailCell.swift */; };
		BB9179072811A3B300715122 /* ImageViewerController.swift in Sources */ = {isa = PBXBuildFile; fileRef = BB9178FD2811A3B300715122 /* ImageViewerController.swift */; };
		BB9179082811A3B300715122 /* ImageViewerTheme.swift in Sources */ = {isa = PBXBuildFile; fileRef = BB9178FE2811A3B300715122 /* ImageViewerTheme.swift */; };
		BB9179092811A3B300715122 /* SimpleImageDatasource.swift in Sources */ = {isa = PBXBuildFile; fileRef = BB9178FF2811A3B300715122 /* SimpleImageDatasource.swift */; };
		BB91790A2811A3B300715122 /* UIImageView_Extensions.swift in Sources */ = {isa = PBXBuildFile; fileRef = BB9179002811A3B300715122 /* UIImageView_Extensions.swift */; };
		BB91790B2811A3B300715122 /* ImageViewerOption.swift in Sources */ = {isa = PBXBuildFile; fileRef = BB9179012811A3B300715122 /* ImageViewerOption.swift */; };
		BB91790C2811A3B300715122 /* UINavigationBar_Extensions.swift in Sources */ = {isa = PBXBuildFile; fileRef = BB9179022811A3B300715122 /* UINavigationBar_Extensions.swift */; };
		BB91790D2811A3B300715122 /* UIView_Extensions.swift in Sources */ = {isa = PBXBuildFile; fileRef = BB9179032811A3B300715122 /* UIView_Extensions.swift */; };
		BB91790E2811A3B300715122 /* ImageItem.swift in Sources */ = {isa = PBXBuildFile; fileRef = BB9179042811A3B300715122 /* ImageItem.swift */; };
		BB91790F2811A3B300715122 /* RightNavItemDelegate.swift in Sources */ = {isa = PBXBuildFile; fileRef = BB9179052811A3B300715122 /* RightNavItemDelegate.swift */; };
		BB9179102811A3B400715122 /* ImageCarouselViewController.swift in Sources */ = {isa = PBXBuildFile; fileRef = BB9179062811A3B300715122 /* ImageCarouselViewController.swift */; };
		BBA73692280D77FA00F95DC4 /* Home.storyboard in Resources */ = {isa = PBXBuildFile; fileRef = BBA73691280D77FA00F95DC4 /* Home.storyboard */; };
		BBA73694280D780F00F95DC4 /* HomeViewController.swift in Sources */ = {isa = PBXBuildFile; fileRef = BBA73693280D780F00F95DC4 /* HomeViewController.swift */; };
		BBA73696280D781C00F95DC4 /* HomeViewModel.swift in Sources */ = {isa = PBXBuildFile; fileRef = BBA73695280D781C00F95DC4 /* HomeViewModel.swift */; };
		BBC5E0DC280D8C0500E9E1A7 /* Items.swift in Sources */ = {isa = PBXBuildFile; fileRef = BBC5E0D2280D8C0400E9E1A7 /* Items.swift */; };
		BBC5E0DD280D8C0500E9E1A7 /* CharactersResponse.swift in Sources */ = {isa = PBXBuildFile; fileRef = BBC5E0D3280D8C0400E9E1A7 /* CharactersResponse.swift */; };
		BBC5E0DE280D8C0500E9E1A7 /* Character.swift in Sources */ = {isa = PBXBuildFile; fileRef = BBC5E0D4280D8C0400E9E1A7 /* Character.swift */; };
		BBC5E0DF280D8C0500E9E1A7 /* Urls.swift in Sources */ = {isa = PBXBuildFile; fileRef = BBC5E0D5280D8C0400E9E1A7 /* Urls.swift */; };
		BBC5E0E0280D8C0500E9E1A7 /* Events.swift in Sources */ = {isa = PBXBuildFile; fileRef = BBC5E0D6280D8C0400E9E1A7 /* Events.swift */; };
		BBC5E0E1280D8C0500E9E1A7 /* Thumbnail.swift in Sources */ = {isa = PBXBuildFile; fileRef = BBC5E0D7280D8C0400E9E1A7 /* Thumbnail.swift */; };
		BBC5E0E2280D8C0500E9E1A7 /* MarvelData.swift in Sources */ = {isa = PBXBuildFile; fileRef = BBC5E0D8280D8C0400E9E1A7 /* MarvelData.swift */; };
		BBC5E0E3280D8C0500E9E1A7 /* Series.swift in Sources */ = {isa = PBXBuildFile; fileRef = BBC5E0D9280D8C0500E9E1A7 /* Series.swift */; };
		BBC5E0E4280D8C0500E9E1A7 /* Stories.swift in Sources */ = {isa = PBXBuildFile; fileRef = BBC5E0DA280D8C0500E9E1A7 /* Stories.swift */; };
		BBC5E0E5280D8C0500E9E1A7 /* Comics.swift in Sources */ = {isa = PBXBuildFile; fileRef = BBC5E0DB280D8C0500E9E1A7 /* Comics.swift */; };
		BBC5E0E8280D8EEF00E9E1A7 /* APIService.swift in Sources */ = {isa = PBXBuildFile; fileRef = BBC5E0E7280D8EEF00E9E1A7 /* APIService.swift */; };
		BBC5E0EA280D8FE700E9E1A7 /* Endpoint.swift in Sources */ = {isa = PBXBuildFile; fileRef = BBC5E0E9280D8FE700E9E1A7 /* Endpoint.swift */; };
		BBC5E0EC280D94D800E9E1A7 /* CommonError.swift in Sources */ = {isa = PBXBuildFile; fileRef = BBC5E0EB280D94D800E9E1A7 /* CommonError.swift */; };
		BBF9430E280EFFE600BAE9E9 /* Future+Void.swift in Sources */ = {isa = PBXBuildFile; fileRef = BBF9430B280EFFE600BAE9E9 /* Future+Void.swift */; };
		BBF9430F280EFFE600BAE9E9 /* Future+Throws.swift in Sources */ = {isa = PBXBuildFile; fileRef = BBF9430C280EFFE600BAE9E9 /* Future+Throws.swift */; };
		BBF94310280EFFE600BAE9E9 /* Future+Then.swift in Sources */ = {isa = PBXBuildFile; fileRef = BBF9430D280EFFE600BAE9E9 /* Future+Then.swift */; };
		BBF94313280F126A00BAE9E9 /* HomeCell.xib in Resources */ = {isa = PBXBuildFile; fileRef = BBF94312280F126A00BAE9E9 /* HomeCell.xib */; };
		BBF94315280F127700BAE9E9 /* HomeCell.swift in Sources */ = {isa = PBXBuildFile; fileRef = BBF94314280F127700BAE9E9 /* HomeCell.swift */; };
		BBF94318280F140A00BAE9E9 /* FontHelper.swift in Sources */ = {isa = PBXBuildFile; fileRef = BBF94317280F140A00BAE9E9 /* FontHelper.swift */; };
/* End PBXBuildFile section */

/* Begin PBXContainerItemProxy section */
		BB1E7C11280D58D000BFA061 /* PBXContainerItemProxy */ = {
			isa = PBXContainerItemProxy;
			containerPortal = BB1E7BF2280D58CE00BFA061 /* Project object */;
			proxyType = 1;
			remoteGlobalIDString = BB1E7BF9280D58CE00BFA061;
			remoteInfo = Marvel;
		};
/* End PBXContainerItemProxy section */

/* Begin PBXFileReference section */
		1E3487C719CADED25D10A459 /* Pods-MarvelTests.release.xcconfig */ = {isa = PBXFileReference; includeInIndex = 1; lastKnownFileType = text.xcconfig; name = "Pods-MarvelTests.release.xcconfig"; path = "Target Support Files/Pods-MarvelTests/Pods-MarvelTests.release.xcconfig"; sourceTree = "<group>"; };
		21B4F7D2A46C5AEBA281B33E /* Pods_MarvelTests.framework */ = {isa = PBXFileReference; explicitFileType = wrapper.framework; includeInIndex = 0; path = Pods_MarvelTests.framework; sourceTree = BUILT_PRODUCTS_DIR; };
		7A7247203F5D104E500BE43C /* Pods-Marvel.release.xcconfig */ = {isa = PBXFileReference; includeInIndex = 1; lastKnownFileType = text.xcconfig; name = "Pods-Marvel.release.xcconfig"; path = "Target Support Files/Pods-Marvel/Pods-Marvel.release.xcconfig"; sourceTree = "<group>"; };
		93D64337ED31B44E6AC0CB10 /* Pods_Marvel.framework */ = {isa = PBXFileReference; explicitFileType = wrapper.framework; includeInIndex = 0; path = Pods_Marvel.framework; sourceTree = BUILT_PRODUCTS_DIR; };
		B39D58B74CE80D0C778F9001 /* Pods-Marvel.debug.xcconfig */ = {isa = PBXFileReference; includeInIndex = 1; lastKnownFileType = text.xcconfig; name = "Pods-Marvel.debug.xcconfig"; path = "Target Support Files/Pods-Marvel/Pods-Marvel.debug.xcconfig"; sourceTree = "<group>"; };
		BB04B35C2815027A00F71B50 /* APIServiceMock.swift */ = {isa = PBXFileReference; lastKnownFileType = sourcecode.swift; path = APIServiceMock.swift; sourceTree = "<group>"; };
		BB04B35E2815040A00F71B50 /* CharactersResponse.json */ = {isa = PBXFileReference; lastKnownFileType = text.json; path = CharactersResponse.json; sourceTree = "<group>"; };
		BB04B360281506E700F71B50 /* HomeViewModelTests.swift */ = {isa = PBXFileReference; lastKnownFileType = sourcecode.swift; path = HomeViewModelTests.swift; sourceTree = "<group>"; };
		BB04B36228150C6D00F71B50 /* Character.json */ = {isa = PBXFileReference; lastKnownFileType = text.json; path = Character.json; sourceTree = "<group>"; };
		BB04B36428150CAB00F71B50 /* DetailViewModelTests.swift */ = {isa = PBXFileReference; lastKnownFileType = sourcecode.swift; path = DetailViewModelTests.swift; sourceTree = "<group>"; };
		BB1E7BFA280D58CE00BFA061 /* Marvel.app */ = {isa = PBXFileReference; explicitFileType = wrapper.application; includeInIndex = 0; path = Marvel.app; sourceTree = BUILT_PRODUCTS_DIR; };
		BB1E7BFD280D58CE00BFA061 /* AppDelegate.swift */ = {isa = PBXFileReference; lastKnownFileType = sourcecode.swift; path = AppDelegate.swift; sourceTree = "<group>"; };
		BB1E7BFF280D58CE00BFA061 /* SceneDelegate.swift */ = {isa = PBXFileReference; lastKnownFileType = sourcecode.swift; path = SceneDelegate.swift; sourceTree = "<group>"; };
		BB1E7C06280D58CF00BFA061 /* Assets.xcassets */ = {isa = PBXFileReference; lastKnownFileType = folder.assetcatalog; path = Assets.xcassets; sourceTree = "<group>"; };
		BB1E7C0B280D58CF00BFA061 /* Info.plist */ = {isa = PBXFileReference; lastKnownFileType = text.plist.xml; path = Info.plist; sourceTree = "<group>"; };
		BB1E7C10280D58D000BFA061 /* MarvelTests.xctest */ = {isa = PBXFileReference; explicitFileType = wrapper.cfbundle; includeInIndex = 0; path = MarvelTests.xctest; sourceTree = BUILT_PRODUCTS_DIR; };
		BB1E7C14280D58D000BFA061 /* MarvelTests.swift */ = {isa = PBXFileReference; lastKnownFileType = sourcecode.swift; path = MarvelTests.swift; sourceTree = "<group>"; };
		BB9178F0281198B300715122 /* Detail.storyboard */ = {isa = PBXFileReference; lastKnownFileType = file.storyboard; path = Detail.storyboard; sourceTree = "<group>"; };
		BB9178F2281198BF00715122 /* DetailViewController.swift */ = {isa = PBXFileReference; lastKnownFileType = sourcecode.swift; path = DetailViewController.swift; sourceTree = "<group>"; };
		BB9178F4281198C800715122 /* DetailViewModel.swift */ = {isa = PBXFileReference; lastKnownFileType = sourcecode.swift; path = DetailViewModel.swift; sourceTree = "<group>"; };
		BB9178F728119D0800715122 /* DetailCell.xib */ = {isa = PBXFileReference; lastKnownFileType = file.xib; path = DetailCell.xib; sourceTree = "<group>"; };
		BB9178F928119D2100715122 /* DetailCell.swift */ = {isa = PBXFileReference; lastKnownFileType = sourcecode.swift; path = DetailCell.swift; sourceTree = "<group>"; };
		BB9178FD2811A3B300715122 /* ImageViewerController.swift */ = {isa = PBXFileReference; fileEncoding = 4; lastKnownFileType = sourcecode.swift; path = ImageViewerController.swift; sourceTree = "<group>"; };
		BB9178FE2811A3B300715122 /* ImageViewerTheme.swift */ = {isa = PBXFileReference; fileEncoding = 4; lastKnownFileType = sourcecode.swift; path = ImageViewerTheme.swift; sourceTree = "<group>"; };
		BB9178FF2811A3B300715122 /* SimpleImageDatasource.swift */ = {isa = PBXFileReference; fileEncoding = 4; lastKnownFileType = sourcecode.swift; path = SimpleImageDatasource.swift; sourceTree = "<group>"; };
		BB9179002811A3B300715122 /* UIImageView_Extensions.swift */ = {isa = PBXFileReference; fileEncoding = 4; lastKnownFileType = sourcecode.swift; path = UIImageView_Extensions.swift; sourceTree = "<group>"; };
		BB9179012811A3B300715122 /* ImageViewerOption.swift */ = {isa = PBXFileReference; fileEncoding = 4; lastKnownFileType = sourcecode.swift; path = ImageViewerOption.swift; sourceTree = "<group>"; };
		BB9179022811A3B300715122 /* UINavigationBar_Extensions.swift */ = {isa = PBXFileReference; fileEncoding = 4; lastKnownFileType = sourcecode.swift; path = UINavigationBar_Extensions.swift; sourceTree = "<group>"; };
		BB9179032811A3B300715122 /* UIView_Extensions.swift */ = {isa = PBXFileReference; fileEncoding = 4; lastKnownFileType = sourcecode.swift; path = UIView_Extensions.swift; sourceTree = "<group>"; };
		BB9179042811A3B300715122 /* ImageItem.swift */ = {isa = PBXFileReference; fileEncoding = 4; lastKnownFileType = sourcecode.swift; path = ImageItem.swift; sourceTree = "<group>"; };
		BB9179052811A3B300715122 /* RightNavItemDelegate.swift */ = {isa = PBXFileReference; fileEncoding = 4; lastKnownFileType = sourcecode.swift; path = RightNavItemDelegate.swift; sourceTree = "<group>"; };
		BB9179062811A3B300715122 /* ImageCarouselViewController.swift */ = {isa = PBXFileReference; fileEncoding = 4; lastKnownFileType = sourcecode.swift; path = ImageCarouselViewController.swift; sourceTree = "<group>"; };
		BBA73691280D77FA00F95DC4 /* Home.storyboard */ = {isa = PBXFileReference; lastKnownFileType = file.storyboard; path = Home.storyboard; sourceTree = "<group>"; };
		BBA73693280D780F00F95DC4 /* HomeViewController.swift */ = {isa = PBXFileReference; lastKnownFileType = sourcecode.swift; path = HomeViewController.swift; sourceTree = "<group>"; };
		BBA73695280D781C00F95DC4 /* HomeViewModel.swift */ = {isa = PBXFileReference; lastKnownFileType = sourcecode.swift; path = HomeViewModel.swift; sourceTree = "<group>"; };
		BBC5E0D2280D8C0400E9E1A7 /* Items.swift */ = {isa = PBXFileReference; fileEncoding = 4; lastKnownFileType = sourcecode.swift; path = Items.swift; sourceTree = "<group>"; };
		BBC5E0D3280D8C0400E9E1A7 /* CharactersResponse.swift */ = {isa = PBXFileReference; fileEncoding = 4; lastKnownFileType = sourcecode.swift; path = CharactersResponse.swift; sourceTree = "<group>"; };
		BBC5E0D4280D8C0400E9E1A7 /* Character.swift */ = {isa = PBXFileReference; fileEncoding = 4; lastKnownFileType = sourcecode.swift; path = Character.swift; sourceTree = "<group>"; };
		BBC5E0D5280D8C0400E9E1A7 /* Urls.swift */ = {isa = PBXFileReference; fileEncoding = 4; lastKnownFileType = sourcecode.swift; path = Urls.swift; sourceTree = "<group>"; };
		BBC5E0D6280D8C0400E9E1A7 /* Events.swift */ = {isa = PBXFileReference; fileEncoding = 4; lastKnownFileType = sourcecode.swift; path = Events.swift; sourceTree = "<group>"; };
		BBC5E0D7280D8C0400E9E1A7 /* Thumbnail.swift */ = {isa = PBXFileReference; fileEncoding = 4; lastKnownFileType = sourcecode.swift; path = Thumbnail.swift; sourceTree = "<group>"; };
		BBC5E0D8280D8C0400E9E1A7 /* MarvelData.swift */ = {isa = PBXFileReference; fileEncoding = 4; lastKnownFileType = sourcecode.swift; path = MarvelData.swift; sourceTree = "<group>"; };
		BBC5E0D9280D8C0500E9E1A7 /* Series.swift */ = {isa = PBXFileReference; fileEncoding = 4; lastKnownFileType = sourcecode.swift; path = Series.swift; sourceTree = "<group>"; };
		BBC5E0DA280D8C0500E9E1A7 /* Stories.swift */ = {isa = PBXFileReference; fileEncoding = 4; lastKnownFileType = sourcecode.swift; path = Stories.swift; sourceTree = "<group>"; };
		BBC5E0DB280D8C0500E9E1A7 /* Comics.swift */ = {isa = PBXFileReference; fileEncoding = 4; lastKnownFileType = sourcecode.swift; path = Comics.swift; sourceTree = "<group>"; };
		BBC5E0E7280D8EEF00E9E1A7 /* APIService.swift */ = {isa = PBXFileReference; lastKnownFileType = sourcecode.swift; path = APIService.swift; sourceTree = "<group>"; };
		BBC5E0E9280D8FE700E9E1A7 /* Endpoint.swift */ = {isa = PBXFileReference; lastKnownFileType = sourcecode.swift; path = Endpoint.swift; sourceTree = "<group>"; };
		BBC5E0EB280D94D800E9E1A7 /* CommonError.swift */ = {isa = PBXFileReference; lastKnownFileType = sourcecode.swift; path = CommonError.swift; sourceTree = "<group>"; };
		BBF9430B280EFFE600BAE9E9 /* Future+Void.swift */ = {isa = PBXFileReference; fileEncoding = 4; lastKnownFileType = sourcecode.swift; path = "Future+Void.swift"; sourceTree = "<group>"; };
		BBF9430C280EFFE600BAE9E9 /* Future+Throws.swift */ = {isa = PBXFileReference; fileEncoding = 4; lastKnownFileType = sourcecode.swift; path = "Future+Throws.swift"; sourceTree = "<group>"; };
		BBF9430D280EFFE600BAE9E9 /* Future+Then.swift */ = {isa = PBXFileReference; fileEncoding = 4; lastKnownFileType = sourcecode.swift; path = "Future+Then.swift"; sourceTree = "<group>"; };
		BBF94312280F126A00BAE9E9 /* HomeCell.xib */ = {isa = PBXFileReference; lastKnownFileType = file.xib; path = HomeCell.xib; sourceTree = "<group>"; };
		BBF94314280F127700BAE9E9 /* HomeCell.swift */ = {isa = PBXFileReference; lastKnownFileType = sourcecode.swift; path = HomeCell.swift; sourceTree = "<group>"; };
		BBF94317280F140A00BAE9E9 /* FontHelper.swift */ = {isa = PBXFileReference; lastKnownFileType = sourcecode.swift; path = FontHelper.swift; sourceTree = "<group>"; };
		C77447F0DFC34CB305A63E0B /* Pods-MarvelTests.debug.xcconfig */ = {isa = PBXFileReference; includeInIndex = 1; lastKnownFileType = text.xcconfig; name = "Pods-MarvelTests.debug.xcconfig"; path = "Target Support Files/Pods-MarvelTests/Pods-MarvelTests.debug.xcconfig"; sourceTree = "<group>"; };
/* End PBXFileReference section */

/* Begin PBXFrameworksBuildPhase section */
		BB1E7BF7280D58CE00BFA061 /* Frameworks */ = {
			isa = PBXFrameworksBuildPhase;
			buildActionMask = 2147483647;
			files = (
				B0C4E4F54C7C2A5D2E187727 /* Pods_Marvel.framework in Frameworks */,
			);
			runOnlyForDeploymentPostprocessing = 0;
		};
		BB1E7C0D280D58D000BFA061 /* Frameworks */ = {
			isa = PBXFrameworksBuildPhase;
			buildActionMask = 2147483647;
			files = (
				67164B275BFBE4962D74C621 /* Pods_MarvelTests.framework in Frameworks */,
			);
			runOnlyForDeploymentPostprocessing = 0;
		};
/* End PBXFrameworksBuildPhase section */

/* Begin PBXGroup section */
		3F06C4164D6D5A63931F967A /* Pods */ = {
			isa = PBXGroup;
			children = (
				B39D58B74CE80D0C778F9001 /* Pods-Marvel.debug.xcconfig */,
				7A7247203F5D104E500BE43C /* Pods-Marvel.release.xcconfig */,
				C77447F0DFC34CB305A63E0B /* Pods-MarvelTests.debug.xcconfig */,
				1E3487C719CADED25D10A459 /* Pods-MarvelTests.release.xcconfig */,
			);
			path = Pods;
			sourceTree = "<group>";
		};
		BB04B35B2815019B00F71B50 /* Resources */ = {
			isa = PBXGroup;
			children = (
				BB04B35E2815040A00F71B50 /* CharactersResponse.json */,
				BB04B36228150C6D00F71B50 /* Character.json */,
			);
			path = Resources;
			sourceTree = "<group>";
		};
		BB1E7BF1280D58CE00BFA061 = {
			isa = PBXGroup;
			children = (
				BB1E7BFC280D58CE00BFA061 /* Marvel */,
				BB1E7C13280D58D000BFA061 /* MarvelTests */,
				BB1E7BFB280D58CE00BFA061 /* Products */,
				3F06C4164D6D5A63931F967A /* Pods */,
				F3B626BA48C1E952BE807ADD /* Frameworks */,
			);
			sourceTree = "<group>";
		};
		BB1E7BFB280D58CE00BFA061 /* Products */ = {
			isa = PBXGroup;
			children = (
				BB1E7BFA280D58CE00BFA061 /* Marvel.app */,
				BB1E7C10280D58D000BFA061 /* MarvelTests.xctest */,
			);
			name = Products;
			sourceTree = "<group>";
		};
		BB1E7BFC280D58CE00BFA061 /* Marvel */ = {
			isa = PBXGroup;
			children = (
				BBF94316280F13F700BAE9E9 /* Fonts */,
				BB1E7C0B280D58CF00BFA061 /* Info.plist */,
				BB1E7C06280D58CF00BFA061 /* Assets.xcassets */,
				BBF94309280EFF7B00BAE9E9 /* Utils */,
				BBC5E0E6280D8ED800E9E1A7 /* Services */,
				BBC5E0D1280D8AF200E9E1A7 /* Model */,
				BBC5E0D0280D850F00E9E1A7 /* Views */,
				BBA73697280D784D00F95DC4 /* Supporting Files */,
			);
			path = Marvel;
			sourceTree = "<group>";
		};
		BB1E7C13280D58D000BFA061 /* MarvelTests */ = {
			isa = PBXGroup;
			children = (
				BB04B35B2815019B00F71B50 /* Resources */,
				BB1E7C14280D58D000BFA061 /* MarvelTests.swift */,
				BB04B35C2815027A00F71B50 /* APIServiceMock.swift */,
				BB04B360281506E700F71B50 /* HomeViewModelTests.swift */,
				BB04B36428150CAB00F71B50 /* DetailViewModelTests.swift */,
			);
			path = MarvelTests;
			sourceTree = "<group>";
		};
		BB9178EF281198A000715122 /* Detail */ = {
			isa = PBXGroup;
			children = (
				BB9178F628119CEF00715122 /* DetailCell */,
				BB9178F0281198B300715122 /* Detail.storyboard */,
				BB9178F2281198BF00715122 /* DetailViewController.swift */,
				BB9178F4281198C800715122 /* DetailViewModel.swift */,
			);
			path = Detail;
			sourceTree = "<group>";
		};
		BB9178F628119CEF00715122 /* DetailCell */ = {
			isa = PBXGroup;
			children = (
				BB9178F728119D0800715122 /* DetailCell.xib */,
				BB9178F928119D2100715122 /* DetailCell.swift */,
			);
			path = DetailCell;
			sourceTree = "<group>";
		};
		BB9178FB2811A34100715122 /* Views */ = {
			isa = PBXGroup;
			children = (
				BB9178FC2811A34B00715122 /* ImageViewer */,
			);
			path = Views;
			sourceTree = "<group>";
		};
		BB9178FC2811A34B00715122 /* ImageViewer */ = {
			isa = PBXGroup;
			children = (
				BB9179062811A3B300715122 /* ImageCarouselViewController.swift */,
				BB9179042811A3B300715122 /* ImageItem.swift */,
				BB9178FD2811A3B300715122 /* ImageViewerController.swift */,
				BB9179012811A3B300715122 /* ImageViewerOption.swift */,
				BB9178FE2811A3B300715122 /* ImageViewerTheme.swift */,
				BB9179052811A3B300715122 /* RightNavItemDelegate.swift */,
				BB9178FF2811A3B300715122 /* SimpleImageDatasource.swift */,
				BB9179002811A3B300715122 /* UIImageView_Extensions.swift */,
				BB9179022811A3B300715122 /* UINavigationBar_Extensions.swift */,
				BB9179032811A3B300715122 /* UIView_Extensions.swift */,
			);
			path = ImageViewer;
			sourceTree = "<group>";
		};
		BBA73690280D77E500F95DC4 /* Home */ = {
			isa = PBXGroup;
			children = (
				BBF94311280F123600BAE9E9 /* HomeCell */,
				BBA73691280D77FA00F95DC4 /* Home.storyboard */,
				BBA73693280D780F00F95DC4 /* HomeViewController.swift */,
				BBA73695280D781C00F95DC4 /* HomeViewModel.swift */,
			);
			path = Home;
			sourceTree = "<group>";
		};
		BBA73697280D784D00F95DC4 /* Supporting Files */ = {
			isa = PBXGroup;
			children = (
				BB1E7BFF280D58CE00BFA061 /* SceneDelegate.swift */,
				BB1E7BFD280D58CE00BFA061 /* AppDelegate.swift */,
			);
			path = "Supporting Files";
			sourceTree = "<group>";
		};
		BBC5E0D0280D850F00E9E1A7 /* Views */ = {
			isa = PBXGroup;
			children = (
				BB9178EF281198A000715122 /* Detail */,
				BBA73690280D77E500F95DC4 /* Home */,
			);
			path = Views;
			sourceTree = "<group>";
		};
		BBC5E0D1280D8AF200E9E1A7 /* Model */ = {
			isa = PBXGroup;
			children = (
				BBC5E0DB280D8C0500E9E1A7 /* Comics.swift */,
				BBC5E0D8280D8C0400E9E1A7 /* MarvelData.swift */,
				BBC5E0D6280D8C0400E9E1A7 /* Events.swift */,
				BBC5E0D2280D8C0400E9E1A7 /* Items.swift */,
				BBC5E0D3280D8C0400E9E1A7 /* CharactersResponse.swift */,
				BBC5E0D4280D8C0400E9E1A7 /* Character.swift */,
				BBC5E0D9280D8C0500E9E1A7 /* Series.swift */,
				BBC5E0DA280D8C0500E9E1A7 /* Stories.swift */,
				BBC5E0D7280D8C0400E9E1A7 /* Thumbnail.swift */,
				BBC5E0D5280D8C0400E9E1A7 /* Urls.swift */,
				BBC5E0EB280D94D800E9E1A7 /* CommonError.swift */,
			);
			path = Model;
			sourceTree = "<group>";
		};
		BBC5E0E6280D8ED800E9E1A7 /* Services */ = {
			isa = PBXGroup;
			children = (
				BBC5E0E7280D8EEF00E9E1A7 /* APIService.swift */,
				BBC5E0E9280D8FE700E9E1A7 /* Endpoint.swift */,
			);
			path = Services;
			sourceTree = "<group>";
		};
		BBF94309280EFF7B00BAE9E9 /* Utils */ = {
			isa = PBXGroup;
			children = (
				BB9178FB2811A34100715122 /* Views */,
				BBF9430A280EFFA100BAE9E9 /* FutureKit */,
				BBF94317280F140A00BAE9E9 /* FontHelper.swift */,
			);
			path = Utils;
			sourceTree = "<group>";
		};
		BBF9430A280EFFA100BAE9E9 /* FutureKit */ = {
			isa = PBXGroup;
			children = (
				BBF9430D280EFFE600BAE9E9 /* Future+Then.swift */,
				BBF9430C280EFFE600BAE9E9 /* Future+Throws.swift */,
				BBF9430B280EFFE600BAE9E9 /* Future+Void.swift */,
			);
			path = FutureKit;
			sourceTree = "<group>";
		};
		BBF94311280F123600BAE9E9 /* HomeCell */ = {
			isa = PBXGroup;
			children = (
				BBF94312280F126A00BAE9E9 /* HomeCell.xib */,
				BBF94314280F127700BAE9E9 /* HomeCell.swift */,
			);
			path = HomeCell;
			sourceTree = "<group>";
		};
		BBF94316280F13F700BAE9E9 /* Fonts */ = {
			isa = PBXGroup;
			children = (
			);
			path = Fonts;
			sourceTree = "<group>";
		};
		F3B626BA48C1E952BE807ADD /* Frameworks */ = {
			isa = PBXGroup;
			children = (
				93D64337ED31B44E6AC0CB10 /* Pods_Marvel.framework */,
				21B4F7D2A46C5AEBA281B33E /* Pods_MarvelTests.framework */,
			);
			name = Frameworks;
			sourceTree = "<group>";
		};
/* End PBXGroup section */

/* Begin PBXNativeTarget section */
		BB1E7BF9280D58CE00BFA061 /* Marvel */ = {
			isa = PBXNativeTarget;
			buildConfigurationList = BB1E7C24280D58D000BFA061 /* Build configuration list for PBXNativeTarget "Marvel" */;
			buildPhases = (
				50DB299BCC8D51DE70B49363 /* [CP] Check Pods Manifest.lock */,
				BB1E7BF6280D58CE00BFA061 /* Sources */,
				BB1E7BF7280D58CE00BFA061 /* Frameworks */,
				BB1E7BF8280D58CE00BFA061 /* Resources */,
				9BB5A352881D8E5B5B31E20A /* [CP] Embed Pods Frameworks */,
				BBC5E0CF280D81A800E9E1A7 /* Swiftlint */,
			);
			buildRules = (
			);
			dependencies = (
			);
			name = Marvel;
			productName = Marvel;
			productReference = BB1E7BFA280D58CE00BFA061 /* Marvel.app */;
			productType = "com.apple.product-type.application";
		};
		BB1E7C0F280D58D000BFA061 /* MarvelTests */ = {
			isa = PBXNativeTarget;
			buildConfigurationList = BB1E7C27280D58D000BFA061 /* Build configuration list for PBXNativeTarget "MarvelTests" */;
			buildPhases = (
				5C54CE69AD5802B80061C15B /* [CP] Check Pods Manifest.lock */,
				BB1E7C0C280D58D000BFA061 /* Sources */,
				BB1E7C0D280D58D000BFA061 /* Frameworks */,
				BB1E7C0E280D58D000BFA061 /* Resources */,
				FAA5B21CA61D7C1EBDF679B6 /* [CP] Embed Pods Frameworks */,
			);
			buildRules = (
			);
			dependencies = (
				BB1E7C12280D58D000BFA061 /* PBXTargetDependency */,
			);
			name = MarvelTests;
			productName = MarvelTests;
			productReference = BB1E7C10280D58D000BFA061 /* MarvelTests.xctest */;
			productType = "com.apple.product-type.bundle.unit-test";
		};
/* End PBXNativeTarget section */

/* Begin PBXProject section */
		BB1E7BF2280D58CE00BFA061 /* Project object */ = {
			isa = PBXProject;
			attributes = {
				BuildIndependentTargetsInParallel = 1;
				LastSwiftUpdateCheck = 1320;
				LastUpgradeCheck = 1320;
				TargetAttributes = {
					BB1E7BF9280D58CE00BFA061 = {
						CreatedOnToolsVersion = 13.2.1;
					};
					BB1E7C0F280D58D000BFA061 = {
						CreatedOnToolsVersion = 13.2.1;
						TestTargetID = BB1E7BF9280D58CE00BFA061;
					};
				};
			};
			buildConfigurationList = BB1E7BF5280D58CE00BFA061 /* Build configuration list for PBXProject "Marvel" */;
			compatibilityVersion = "Xcode 13.0";
			developmentRegion = en;
			hasScannedForEncodings = 0;
			knownRegions = (
				en,
				Base,
			);
			mainGroup = BB1E7BF1280D58CE00BFA061;
			productRefGroup = BB1E7BFB280D58CE00BFA061 /* Products */;
			projectDirPath = "";
			projectRoot = "";
			targets = (
				BB1E7BF9280D58CE00BFA061 /* Marvel */,
				BB1E7C0F280D58D000BFA061 /* MarvelTests */,
			);
		};
/* End PBXProject section */

/* Begin PBXResourcesBuildPhase section */
		BB1E7BF8280D58CE00BFA061 /* Resources */ = {
			isa = PBXResourcesBuildPhase;
			buildActionMask = 2147483647;
			files = (
				BB1E7C07280D58CF00BFA061 /* Assets.xcassets in Resources */,
				BBF94313280F126A00BAE9E9 /* HomeCell.xib in Resources */,
				BBA73692280D77FA00F95DC4 /* Home.storyboard in Resources */,
				BB9178F1281198B300715122 /* Detail.storyboard in Resources */,
				BB9178F828119D0800715122 /* DetailCell.xib in Resources */,
			);
			runOnlyForDeploymentPostprocessing = 0;
		};
		BB1E7C0E280D58D000BFA061 /* Resources */ = {
			isa = PBXResourcesBuildPhase;
			buildActionMask = 2147483647;
			files = (
				BB04B35F2815040A00F71B50 /* CharactersResponse.json in Resources */,
				BB04B36328150C6D00F71B50 /* Character.json in Resources */,
			);
			runOnlyForDeploymentPostprocessing = 0;
		};
/* End PBXResourcesBuildPhase section */

/* Begin PBXShellScriptBuildPhase section */
		50DB299BCC8D51DE70B49363 /* [CP] Check Pods Manifest.lock */ = {
			isa = PBXShellScriptBuildPhase;
			buildActionMask = 2147483647;
			files = (
			);
			inputFileListPaths = (
			);
			inputPaths = (
				"${PODS_PODFILE_DIR_PATH}/Podfile.lock",
				"${PODS_ROOT}/Manifest.lock",
			);
			name = "[CP] Check Pods Manifest.lock";
			outputFileListPaths = (
			);
			outputPaths = (
				"$(DERIVED_FILE_DIR)/Pods-Marvel-checkManifestLockResult.txt",
			);
			runOnlyForDeploymentPostprocessing = 0;
			shellPath = /bin/sh;
			shellScript = "diff \"${PODS_PODFILE_DIR_PATH}/Podfile.lock\" \"${PODS_ROOT}/Manifest.lock\" > /dev/null\nif [ $? != 0 ] ; then\n    # print error to STDERR\n    echo \"error: The sandbox is not in sync with the Podfile.lock. Run 'pod install' or update your CocoaPods installation.\" >&2\n    exit 1\nfi\n# This output is used by Xcode 'outputs' to avoid re-running this script phase.\necho \"SUCCESS\" > \"${SCRIPT_OUTPUT_FILE_0}\"\n";
			showEnvVarsInLog = 0;
		};
		5C54CE69AD5802B80061C15B /* [CP] Check Pods Manifest.lock */ = {
			isa = PBXShellScriptBuildPhase;
			buildActionMask = 2147483647;
			files = (
			);
			inputFileListPaths = (
			);
			inputPaths = (
				"${PODS_PODFILE_DIR_PATH}/Podfile.lock",
				"${PODS_ROOT}/Manifest.lock",
			);
			name = "[CP] Check Pods Manifest.lock";
			outputFileListPaths = (
			);
			outputPaths = (
				"$(DERIVED_FILE_DIR)/Pods-MarvelTests-checkManifestLockResult.txt",
			);
			runOnlyForDeploymentPostprocessing = 0;
			shellPath = /bin/sh;
			shellScript = "diff \"${PODS_PODFILE_DIR_PATH}/Podfile.lock\" \"${PODS_ROOT}/Manifest.lock\" > /dev/null\nif [ $? != 0 ] ; then\n    # print error to STDERR\n    echo \"error: The sandbox is not in sync with the Podfile.lock. Run 'pod install' or update your CocoaPods installation.\" >&2\n    exit 1\nfi\n# This output is used by Xcode 'outputs' to avoid re-running this script phase.\necho \"SUCCESS\" > \"${SCRIPT_OUTPUT_FILE_0}\"\n";
			showEnvVarsInLog = 0;
		};
		9BB5A352881D8E5B5B31E20A /* [CP] Embed Pods Frameworks */ = {
			isa = PBXShellScriptBuildPhase;
			buildActionMask = 2147483647;
			files = (
			);
			inputFileListPaths = (
				"${PODS_ROOT}/Target Support Files/Pods-Marvel/Pods-Marvel-frameworks-${CONFIGURATION}-input-files.xcfilelist",
			);
			name = "[CP] Embed Pods Frameworks";
			outputFileListPaths = (
				"${PODS_ROOT}/Target Support Files/Pods-Marvel/Pods-Marvel-frameworks-${CONFIGURATION}-output-files.xcfilelist",
			);
			runOnlyForDeploymentPostprocessing = 0;
			shellPath = /bin/sh;
			shellScript = "\"${PODS_ROOT}/Target Support Files/Pods-Marvel/Pods-Marvel-frameworks.sh\"\n";
			showEnvVarsInLog = 0;
		};
		BBC5E0CF280D81A800E9E1A7 /* Swiftlint */ = {
			isa = PBXShellScriptBuildPhase;
			buildActionMask = 2147483647;
			files = (
			);
			inputFileListPaths = (
			);
			inputPaths = (
			);
			name = Swiftlint;
			outputFileListPaths = (
			);
			outputPaths = (
			);
			runOnlyForDeploymentPostprocessing = 0;
			shellPath = /bin/sh;
			shellScript = "# Type a script or drag a script file from your workspace to insert its path.\n\"${PODS_ROOT}/SwiftLint/swiftlint\" --config \"${SRCROOT}/swiftlint.yml\"\n";
		};
		FAA5B21CA61D7C1EBDF679B6 /* [CP] Embed Pods Frameworks */ = {
			isa = PBXShellScriptBuildPhase;
			buildActionMask = 2147483647;
			files = (
			);
			inputFileListPaths = (
				"${PODS_ROOT}/Target Support Files/Pods-MarvelTests/Pods-MarvelTests-frameworks-${CONFIGURATION}-input-files.xcfilelist",
			);
			name = "[CP] Embed Pods Frameworks";
			outputFileListPaths = (
				"${PODS_ROOT}/Target Support Files/Pods-MarvelTests/Pods-MarvelTests-frameworks-${CONFIGURATION}-output-files.xcfilelist",
			);
			runOnlyForDeploymentPostprocessing = 0;
			shellPath = /bin/sh;
			shellScript = "\"${PODS_ROOT}/Target Support Files/Pods-MarvelTests/Pods-MarvelTests-frameworks.sh\"\n";
			showEnvVarsInLog = 0;
		};
/* End PBXShellScriptBuildPhase section */

/* Begin PBXSourcesBuildPhase section */
		BB1E7BF6280D58CE00BFA061 /* Sources */ = {
			isa = PBXSourcesBuildPhase;
			buildActionMask = 2147483647;
			files = (
				BBF9430E280EFFE600BAE9E9 /* Future+Void.swift in Sources */,
				BBF94315280F127700BAE9E9 /* HomeCell.swift in Sources */,
				BB9178F3281198BF00715122 /* DetailViewController.swift in Sources */,
				BB1E7BFE280D58CE00BFA061 /* AppDelegate.swift in Sources */,
				BB9179082811A3B300715122 /* ImageViewerTheme.swift in Sources */,
				BBC5E0E8280D8EEF00E9E1A7 /* APIService.swift in Sources */,
				BB91790E2811A3B300715122 /* ImageItem.swift in Sources */,
				BBF94318280F140A00BAE9E9 /* FontHelper.swift in Sources */,
				BB91790F2811A3B300715122 /* RightNavItemDelegate.swift in Sources */,
				BBC5E0E4280D8C0500E9E1A7 /* Stories.swift in Sources */,
				BB9178F5281198C800715122 /* DetailViewModel.swift in Sources */,
				BBC5E0EC280D94D800E9E1A7 /* CommonError.swift in Sources */,
				BB9179102811A3B400715122 /* ImageCarouselViewController.swift in Sources */,
				BB91790A2811A3B300715122 /* UIImageView_Extensions.swift in Sources */,
				BBC5E0DC280D8C0500E9E1A7 /* Items.swift in Sources */,
				BB1E7C00280D58CE00BFA061 /* SceneDelegate.swift in Sources */,
				BBC5E0DF280D8C0500E9E1A7 /* Urls.swift in Sources */,
				BBC5E0E2280D8C0500E9E1A7 /* MarvelData.swift in Sources */,
				BB9179092811A3B300715122 /* SimpleImageDatasource.swift in Sources */,
				BBF94310280EFFE600BAE9E9 /* Future+Then.swift in Sources */,
				BBC5E0DE280D8C0500E9E1A7 /* Character.swift in Sources */,
				BBC5E0E5280D8C0500E9E1A7 /* Comics.swift in Sources */,
				BBC5E0E3280D8C0500E9E1A7 /* Series.swift in Sources */,
				BBC5E0EA280D8FE700E9E1A7 /* Endpoint.swift in Sources */,
				BBA73694280D780F00F95DC4 /* HomeViewController.swift in Sources */,
				BBC5E0E0280D8C0500E9E1A7 /* Events.swift in Sources */,
				BB9178FA28119D2100715122 /* DetailCell.swift in Sources */,
				BBA73696280D781C00F95DC4 /* HomeViewModel.swift in Sources */,
				BBC5E0E1280D8C0500E9E1A7 /* Thumbnail.swift in Sources */,
				BB91790D2811A3B300715122 /* UIView_Extensions.swift in Sources */,
				BB9179072811A3B300715122 /* ImageViewerController.swift in Sources */,
				BBF9430F280EFFE600BAE9E9 /* Future+Throws.swift in Sources */,
				BB91790B2811A3B300715122 /* ImageViewerOption.swift in Sources */,
				BBC5E0DD280D8C0500E9E1A7 /* CharactersResponse.swift in Sources */,
				BB91790C2811A3B300715122 /* UINavigationBar_Extensions.swift in Sources */,
			);
			runOnlyForDeploymentPostprocessing = 0;
		};
		BB1E7C0C280D58D000BFA061 /* Sources */ = {
			isa = PBXSourcesBuildPhase;
			buildActionMask = 2147483647;
			files = (
				BB04B35D2815027A00F71B50 /* APIServiceMock.swift in Sources */,
				BB1E7C15280D58D000BFA061 /* MarvelTests.swift in Sources */,
				BB04B361281506E700F71B50 /* HomeViewModelTests.swift in Sources */,
				BB04B36528150CAB00F71B50 /* DetailViewModelTests.swift in Sources */,
			);
			runOnlyForDeploymentPostprocessing = 0;
		};
/* End PBXSourcesBuildPhase section */

/* Begin PBXTargetDependency section */
		BB1E7C12280D58D000BFA061 /* PBXTargetDependency */ = {
			isa = PBXTargetDependency;
			target = BB1E7BF9280D58CE00BFA061 /* Marvel */;
			targetProxy = BB1E7C11280D58D000BFA061 /* PBXContainerItemProxy */;
		};
/* End PBXTargetDependency section */

/* Begin XCBuildConfiguration section */
		BB1E7C22280D58D000BFA061 /* Debug */ = {
			isa = XCBuildConfiguration;
			buildSettings = {
				ALWAYS_SEARCH_USER_PATHS = NO;
				CLANG_ANALYZER_NONNULL = YES;
				CLANG_ANALYZER_NUMBER_OBJECT_CONVERSION = YES_AGGRESSIVE;
				CLANG_CXX_LANGUAGE_STANDARD = "gnu++17";
				CLANG_CXX_LIBRARY = "libc++";
				CLANG_ENABLE_MODULES = YES;
				CLANG_ENABLE_OBJC_ARC = YES;
				CLANG_ENABLE_OBJC_WEAK = YES;
				CLANG_WARN_BLOCK_CAPTURE_AUTORELEASING = YES;
				CLANG_WARN_BOOL_CONVERSION = YES;
				CLANG_WARN_COMMA = YES;
				CLANG_WARN_CONSTANT_CONVERSION = YES;
				CLANG_WARN_DEPRECATED_OBJC_IMPLEMENTATIONS = YES;
				CLANG_WARN_DIRECT_OBJC_ISA_USAGE = YES_ERROR;
				CLANG_WARN_DOCUMENTATION_COMMENTS = YES;
				CLANG_WARN_EMPTY_BODY = YES;
				CLANG_WARN_ENUM_CONVERSION = YES;
				CLANG_WARN_INFINITE_RECURSION = YES;
				CLANG_WARN_INT_CONVERSION = YES;
				CLANG_WARN_NON_LITERAL_NULL_CONVERSION = YES;
				CLANG_WARN_OBJC_IMPLICIT_RETAIN_SELF = YES;
				CLANG_WARN_OBJC_LITERAL_CONVERSION = YES;
				CLANG_WARN_OBJC_ROOT_CLASS = YES_ERROR;
				CLANG_WARN_QUOTED_INCLUDE_IN_FRAMEWORK_HEADER = YES;
				CLANG_WARN_RANGE_LOOP_ANALYSIS = YES;
				CLANG_WARN_STRICT_PROTOTYPES = YES;
				CLANG_WARN_SUSPICIOUS_MOVE = YES;
				CLANG_WARN_UNGUARDED_AVAILABILITY = YES_AGGRESSIVE;
				CLANG_WARN_UNREACHABLE_CODE = YES;
				CLANG_WARN__DUPLICATE_METHOD_MATCH = YES;
				COPY_PHASE_STRIP = NO;
				DEBUG_INFORMATION_FORMAT = dwarf;
				ENABLE_STRICT_OBJC_MSGSEND = YES;
				ENABLE_TESTABILITY = YES;
				GCC_C_LANGUAGE_STANDARD = gnu11;
				GCC_DYNAMIC_NO_PIC = NO;
				GCC_NO_COMMON_BLOCKS = YES;
				GCC_OPTIMIZATION_LEVEL = 0;
				GCC_PREPROCESSOR_DEFINITIONS = (
					"DEBUG=1",
					"$(inherited)",
				);
				GCC_WARN_64_TO_32_BIT_CONVERSION = YES;
				GCC_WARN_ABOUT_RETURN_TYPE = YES_ERROR;
				GCC_WARN_UNDECLARED_SELECTOR = YES;
				GCC_WARN_UNINITIALIZED_AUTOS = YES_AGGRESSIVE;
				GCC_WARN_UNUSED_FUNCTION = YES;
				GCC_WARN_UNUSED_VARIABLE = YES;
				IPHONEOS_DEPLOYMENT_TARGET = 15.2;
				MTL_ENABLE_DEBUG_INFO = INCLUDE_SOURCE;
				MTL_FAST_MATH = YES;
				ONLY_ACTIVE_ARCH = YES;
				SDKROOT = iphoneos;
				SWIFT_ACTIVE_COMPILATION_CONDITIONS = DEBUG;
				SWIFT_OPTIMIZATION_LEVEL = "-Onone";
			};
			name = Debug;
		};
		BB1E7C23280D58D000BFA061 /* Release */ = {
			isa = XCBuildConfiguration;
			buildSettings = {
				ALWAYS_SEARCH_USER_PATHS = NO;
				CLANG_ANALYZER_NONNULL = YES;
				CLANG_ANALYZER_NUMBER_OBJECT_CONVERSION = YES_AGGRESSIVE;
				CLANG_CXX_LANGUAGE_STANDARD = "gnu++17";
				CLANG_CXX_LIBRARY = "libc++";
				CLANG_ENABLE_MODULES = YES;
				CLANG_ENABLE_OBJC_ARC = YES;
				CLANG_ENABLE_OBJC_WEAK = YES;
				CLANG_WARN_BLOCK_CAPTURE_AUTORELEASING = YES;
				CLANG_WARN_BOOL_CONVERSION = YES;
				CLANG_WARN_COMMA = YES;
				CLANG_WARN_CONSTANT_CONVERSION = YES;
				CLANG_WARN_DEPRECATED_OBJC_IMPLEMENTATIONS = YES;
				CLANG_WARN_DIRECT_OBJC_ISA_USAGE = YES_ERROR;
				CLANG_WARN_DOCUMENTATION_COMMENTS = YES;
				CLANG_WARN_EMPTY_BODY = YES;
				CLANG_WARN_ENUM_CONVERSION = YES;
				CLANG_WARN_INFINITE_RECURSION = YES;
				CLANG_WARN_INT_CONVERSION = YES;
				CLANG_WARN_NON_LITERAL_NULL_CONVERSION = YES;
				CLANG_WARN_OBJC_IMPLICIT_RETAIN_SELF = YES;
				CLANG_WARN_OBJC_LITERAL_CONVERSION = YES;
				CLANG_WARN_OBJC_ROOT_CLASS = YES_ERROR;
				CLANG_WARN_QUOTED_INCLUDE_IN_FRAMEWORK_HEADER = YES;
				CLANG_WARN_RANGE_LOOP_ANALYSIS = YES;
				CLANG_WARN_STRICT_PROTOTYPES = YES;
				CLANG_WARN_SUSPICIOUS_MOVE = YES;
				CLANG_WARN_UNGUARDED_AVAILABILITY = YES_AGGRESSIVE;
				CLANG_WARN_UNREACHABLE_CODE = YES;
				CLANG_WARN__DUPLICATE_METHOD_MATCH = YES;
				COPY_PHASE_STRIP = NO;
				DEBUG_INFORMATION_FORMAT = "dwarf-with-dsym";
				ENABLE_NS_ASSERTIONS = NO;
				ENABLE_STRICT_OBJC_MSGSEND = YES;
				GCC_C_LANGUAGE_STANDARD = gnu11;
				GCC_NO_COMMON_BLOCKS = YES;
				GCC_WARN_64_TO_32_BIT_CONVERSION = YES;
				GCC_WARN_ABOUT_RETURN_TYPE = YES_ERROR;
				GCC_WARN_UNDECLARED_SELECTOR = YES;
				GCC_WARN_UNINITIALIZED_AUTOS = YES_AGGRESSIVE;
				GCC_WARN_UNUSED_FUNCTION = YES;
				GCC_WARN_UNUSED_VARIABLE = YES;
				IPHONEOS_DEPLOYMENT_TARGET = 15.2;
				MTL_ENABLE_DEBUG_INFO = NO;
				MTL_FAST_MATH = YES;
				SDKROOT = iphoneos;
				SWIFT_COMPILATION_MODE = wholemodule;
				SWIFT_OPTIMIZATION_LEVEL = "-O";
				VALIDATE_PRODUCT = YES;
			};
			name = Release;
		};
		BB1E7C25280D58D000BFA061 /* Debug */ = {
			isa = XCBuildConfiguration;
			baseConfigurationReference = B39D58B74CE80D0C778F9001 /* Pods-Marvel.debug.xcconfig */;
			buildSettings = {
				ASSETCATALOG_COMPILER_APPICON_NAME = AppIcon;
				ASSETCATALOG_COMPILER_GLOBAL_ACCENT_COLOR_NAME = AccentColor;
				CODE_SIGN_STYLE = Automatic;
				CURRENT_PROJECT_VERSION = 1;
				DEVELOPMENT_TEAM = BQNX6GU3J5;
				GENERATE_INFOPLIST_FILE = YES;
				INFOPLIST_FILE = Marvel/Info.plist;
				INFOPLIST_KEY_UIApplicationSupportsIndirectInputEvents = YES;
				INFOPLIST_KEY_UILaunchStoryboardName = LaunchScreen;
				INFOPLIST_KEY_UIMainStoryboardFile = Home;
				INFOPLIST_KEY_UISupportedInterfaceOrientations = UIInterfaceOrientationPortrait;
				INFOPLIST_KEY_UISupportedInterfaceOrientations_iPad = "UIInterfaceOrientationPortrait UIInterfaceOrientationPortraitUpsideDown UIInterfaceOrientationLandscapeLeft UIInterfaceOrientationLandscapeRight";
				INFOPLIST_KEY_UISupportedInterfaceOrientations_iPhone = "UIInterfaceOrientationPortrait UIInterfaceOrientationLandscapeLeft UIInterfaceOrientationLandscapeRight";
				IPHONEOS_DEPLOYMENT_TARGET = 15.2;
				LD_RUNPATH_SEARCH_PATHS = (
					"$(inherited)",
					"@executable_path/Frameworks",
				);
				MARKETING_VERSION = 1.0;
				PRODUCT_BUNDLE_IDENTIFIER = com.hamzaelhamdaoui.Marvel;
				PRODUCT_NAME = "$(TARGET_NAME)";
				SWIFT_EMIT_LOC_STRINGS = YES;
				SWIFT_VERSION = 5.0;
				TARGETED_DEVICE_FAMILY = 1;
			};
			name = Debug;
		};
		BB1E7C26280D58D000BFA061 /* Release */ = {
			isa = XCBuildConfiguration;
			baseConfigurationReference = 7A7247203F5D104E500BE43C /* Pods-Marvel.release.xcconfig */;
			buildSettings = {
				ASSETCATALOG_COMPILER_APPICON_NAME = AppIcon;
				ASSETCATALOG_COMPILER_GLOBAL_ACCENT_COLOR_NAME = AccentColor;
				CODE_SIGN_STYLE = Automatic;
				CURRENT_PROJECT_VERSION = 1;
				DEVELOPMENT_TEAM = BQNX6GU3J5;
				GENERATE_INFOPLIST_FILE = YES;
				INFOPLIST_FILE = Marvel/Info.plist;
				INFOPLIST_KEY_UIApplicationSupportsIndirectInputEvents = YES;
				INFOPLIST_KEY_UILaunchStoryboardName = LaunchScreen;
				INFOPLIST_KEY_UIMainStoryboardFile = Home;
				INFOPLIST_KEY_UISupportedInterfaceOrientations = UIInterfaceOrientationPortrait;
				INFOPLIST_KEY_UISupportedInterfaceOrientations_iPad = "UIInterfaceOrientationPortrait UIInterfaceOrientationPortraitUpsideDown UIInterfaceOrientationLandscapeLeft UIInterfaceOrientationLandscapeRight";
				INFOPLIST_KEY_UISupportedInterfaceOrientations_iPhone = "UIInterfaceOrientationPortrait UIInterfaceOrientationLandscapeLeft UIInterfaceOrientationLandscapeRight";
				IPHONEOS_DEPLOYMENT_TARGET = 15.2;
				LD_RUNPATH_SEARCH_PATHS = (
					"$(inherited)",
					"@executable_path/Frameworks",
				);
				MARKETING_VERSION = 1.0;
				PRODUCT_BUNDLE_IDENTIFIER = com.hamzaelhamdaoui.Marvel;
				PRODUCT_NAME = "$(TARGET_NAME)";
				SWIFT_EMIT_LOC_STRINGS = YES;
				SWIFT_VERSION = 5.0;
				TARGETED_DEVICE_FAMILY = 1;
			};
			name = Release;
		};
		BB1E7C28280D58D000BFA061 /* Debug */ = {
			isa = XCBuildConfiguration;
			baseConfigurationReference = C77447F0DFC34CB305A63E0B /* Pods-MarvelTests.debug.xcconfig */;
			buildSettings = {
				ALWAYS_EMBED_SWIFT_STANDARD_LIBRARIES = YES;
				BUNDLE_LOADER = "$(TEST_HOST)";
				CODE_SIGN_STYLE = Automatic;
				CURRENT_PROJECT_VERSION = 1;
				DEVELOPMENT_TEAM = BQNX6GU3J5;
				GENERATE_INFOPLIST_FILE = YES;
				IPHONEOS_DEPLOYMENT_TARGET = 15.2;
				MARKETING_VERSION = 1.0;
				PRODUCT_BUNDLE_IDENTIFIER = com.hamzaelhamdaoui.MarvelTests;
				PRODUCT_NAME = "$(TARGET_NAME)";
				SWIFT_EMIT_LOC_STRINGS = NO;
				SWIFT_VERSION = 5.0;
				TARGETED_DEVICE_FAMILY = "1,2";
				TEST_HOST = "$(BUILT_PRODUCTS_DIR)/Marvel.app/Marvel";
			};
			name = Debug;
		};
		BB1E7C29280D58D000BFA061 /* Release */ = {
			isa = XCBuildConfiguration;
			baseConfigurationReference = 1E3487C719CADED25D10A459 /* Pods-MarvelTests.release.xcconfig */;
			buildSettings = {
				ALWAYS_EMBED_SWIFT_STANDARD_LIBRARIES = YES;
				BUNDLE_LOADER = "$(TEST_HOST)";
				CODE_SIGN_STYLE = Automatic;
				CURRENT_PROJECT_VERSION = 1;
				DEVELOPMENT_TEAM = BQNX6GU3J5;
				GENERATE_INFOPLIST_FILE = YES;
				IPHONEOS_DEPLOYMENT_TARGET = 15.2;
				MARKETING_VERSION = 1.0;
				PRODUCT_BUNDLE_IDENTIFIER = com.hamzaelhamdaoui.MarvelTests;
				PRODUCT_NAME = "$(TARGET_NAME)";
				SWIFT_EMIT_LOC_STRINGS = NO;
				SWIFT_VERSION = 5.0;
				TARGETED_DEVICE_FAMILY = "1,2";
				TEST_HOST = "$(BUILT_PRODUCTS_DIR)/Marvel.app/Marvel";
			};
			name = Release;
		};
/* End XCBuildConfiguration section */

/* Begin XCConfigurationList section */
		BB1E7BF5280D58CE00BFA061 /* Build configuration list for PBXProject "Marvel" */ = {
			isa = XCConfigurationList;
			buildConfigurations = (
				BB1E7C22280D58D000BFA061 /* Debug */,
				BB1E7C23280D58D000BFA061 /* Release */,
			);
			defaultConfigurationIsVisible = 0;
			defaultConfigurationName = Release;
		};
		BB1E7C24280D58D000BFA061 /* Build configuration list for PBXNativeTarget "Marvel" */ = {
			isa = XCConfigurationList;
			buildConfigurations = (
				BB1E7C25280D58D000BFA061 /* Debug */,
				BB1E7C26280D58D000BFA061 /* Release */,
			);
			defaultConfigurationIsVisible = 0;
			defaultConfigurationName = Release;
		};
		BB1E7C27280D58D000BFA061 /* Build configuration list for PBXNativeTarget "MarvelTests" */ = {
			isa = XCConfigurationList;
			buildConfigurations = (
				BB1E7C28280D58D000BFA061 /* Debug */,
				BB1E7C29280D58D000BFA061 /* Release */,
			);
			defaultConfigurationIsVisible = 0;
			defaultConfigurationName = Release;
		};
/* End XCConfigurationList section */
	};
	rootObject = BB1E7BF2280D58CE00BFA061 /* Project object */;
}
